{
  "requires": true,
  "lockfileVersion": 1,
  "dependencies": {
    "clay": {
      "version": "2.22.4",
      "resolved": "https://registry.npmjs.org/clay/-/clay-2.22.4.tgz",
      "integrity": "sha512-iJRVsgJlHbS+ED/zjgnCwp5c8EnAIocunTJW0T0I4VtW2PKlgQ4bJ6wKy4r556ciFfUYXgi9827Qb8UrHU4VNA=="
    }
  }
}
